
Microsoft Visual Studio Solution File, Format Version 12.00
# Visual Studio Version 17
VisualStudioVersion = 17.10.35027.167
MinimumVisualStudioVersion = 10.0.40219.1
Project("{FAE04EC0-301F-11D3-BF4B-00C04F79EFBC}") = "ProductManager", "ProductManager\ProductManager.csproj", "{F205E52B-9277-473D-85AD-0BFC76479EF0}"
EndProject
Global
	GlobalSection(SolutionConfigurationPlatforms) = preSolution
		Debug|Any CPU = Debug|Any CPU
		Release|Any CPU = Release|Any CPU
	EndGlobalSection
	GlobalSection(ProjectConfigurationPlatforms) = postSolution
		{F205E52B-9277-473D-85AD-0BFC76479EF0}.Debug|Any CPU.ActiveCfg = Debug|Any CPU
		{F205E52B-9277-473D-85AD-0BFC76479EF0}.Debug|Any CPU.Build.0 = Debug|Any CPU
		{F205E52B-9277-473D-85AD-0BFC76479EF0}.Release|Any CPU.ActiveCfg = Release|Any CPU
		{F205E52B-9277-473D-85AD-0BFC76479EF0}.Release|Any CPU.Build.0 = Release|Any CPU
	EndGlobalSection
	GlobalSection(SolutionProperties) = preSolution
		HideSolutionNode = FALSE
	EndGlobalSection
	GlobalSection(ExtensibilityGlobals) = postSolution
		SolutionGuid = {4A3398E3-C50F-4CB7-80C6-135B6AF9ABF4}
	EndGlobalSection
EndGlobal
